
Microsoft Visual Studio Solution File, Format Version 12.00
# Visual Studio Version 17
VisualStudioVersion = 17.1.32210.238
MinimumVisualStudioVersion = 10.0.40219.1
Project("{9A19103F-16F7-4668-BE54-9A1E7A4F7556}") = "Kot.MongoDB.Migrations", "Kot.MongoDB.Migrations\Kot.MongoDB.Migrations.csproj", "{45B3FFBE-533F-44A5-804D-B9957D42C3D6}"
EndProject
Project("{FAE04EC0-301F-11D3-BF4B-00C04F79EFBC}") = "Kot.MongoDB.Migrations.Tests", "Kot.MongoDB.Migrations.Tests\Kot.MongoDB.Migrations.Tests.csproj", "{CE4AF6AA-BC3C-44FC-8187-B0107D2572C4}"
EndProject
Global
	GlobalSection(SolutionConfigurationPlatforms) = preSolution
		Debug|Any CPU = Debug|Any CPU
		Release|Any CPU = Release|Any CPU
	EndGlobalSection
	GlobalSection(ProjectConfigurationPlatforms) = postSolution
		{45B3FFBE-533F-44A5-804D-B9957D42C3D6}.Debug|Any CPU.ActiveCfg = Debug|Any CPU
		{45B3FFBE-533F-44A5-804D-B9957D42C3D6}.Debug|Any CPU.Build.0 = Debug|Any CPU
		{45B3FFBE-533F-44A5-804D-B9957D42C3D6}.Release|Any CPU.ActiveCfg = Release|Any CPU
		{45B3FFBE-533F-44A5-804D-B9957D42C3D6}.Release|Any CPU.Build.0 = Release|Any CPU
		{CE4AF6AA-BC3C-44FC-8187-B0107D2572C4}.Debug|Any CPU.ActiveCfg = Debug|Any CPU
		{CE4AF6AA-BC3C-44FC-8187-B0107D2572C4}.Debug|Any CPU.Build.0 = Debug|Any CPU
		{CE4AF6AA-BC3C-44FC-8187-B0107D2572C4}.Release|Any CPU.ActiveCfg = Release|Any CPU
		{CE4AF6AA-BC3C-44FC-8187-B0107D2572C4}.Release|Any CPU.Build.0 = Release|Any CPU
	EndGlobalSection
	GlobalSection(SolutionProperties) = preSolution
		HideSolutionNode = FALSE
	EndGlobalSection
	GlobalSection(ExtensibilityGlobals) = postSolution
		SolutionGuid = {375B4F28-50BB-47F7-BE38-78E9095EDD29}
	EndGlobalSection
EndGlobal
